
Microsoft Visual Studio Solution File, Format Version 12.00
Project("{2150E333-8FDC-42A3-9474-1A3956D46DE8}") = "src", "src", "{50828E3F-111D-4E72-9568-6F072F186C56}"
EndProject
Project("{2150E333-8FDC-42A3-9474-1A3956D46DE8}") = "API", "API", "{69206147-04FB-4BAD-B249-BDE99A693919}"
EndProject
Project("{2150E333-8FDC-42A3-9474-1A3956D46DE8}") = "Core", "Core", "{3D70182C-B9B4-42B1-A192-4A30AF874E4A}"
EndProject
Project("{2150E333-8FDC-42A3-9474-1A3956D46DE8}") = "Infrastructure", "Infrastructure", "{313BBE5D-316A-496A-8554-3BA8EA300F10}"
EndProject
Project("{FAE04EC0-301F-11D3-BF4B-00C04F79EFBC}") = "LibraryManagementSystem.API", "LibraryManagementSystem.API\LibraryManagementSystem.API.csproj", "{BE3EAFDB-50A2-48F4-A8D9-5C6876B15AD3}"
EndProject
Project("{2150E333-8FDC-42A3-9474-1A3956D46DE8}") = "Application", "Application", "{F77809F8-4DD4-44F0-B824-654EF2FD640A}"
EndProject
Project("{FAE04EC0-301F-11D3-BF4B-00C04F79EFBC}") = "LibraryManagementSystem.Application", "LibraryManagementSystem.Application\LibraryManagementSystem.Application.csproj", "{F4572788-C703-4254-8FED-B25304C952CA}"
EndProject
Project("{FAE04EC0-301F-11D3-BF4B-00C04F79EFBC}") = "LibraryManagementSystem.Core", "LibraryManagementSystem.Core\LibraryManagementSystem.Core.csproj", "{332F5871-193B-4CB6-A0D8-381D8FCD9D0C}"
EndProject
Project("{FAE04EC0-301F-11D3-BF4B-00C04F79EFBC}") = "LibraryManagementSystem.Infrastructure", "LibraryManagementSystem.Infrastructure\LibraryManagementSystem.Infrastructure.csproj", "{22D67809-30DB-4DAB-B7E3-47B1B33FD584}"
EndProject
Global
	GlobalSection(SolutionConfigurationPlatforms) = preSolution
		Debug|Any CPU = Debug|Any CPU
		Release|Any CPU = Release|Any CPU
	EndGlobalSection
	GlobalSection(ProjectConfigurationPlatforms) = postSolution
		{BE3EAFDB-50A2-48F4-A8D9-5C6876B15AD3}.Debug|Any CPU.ActiveCfg = Debug|Any CPU
		{BE3EAFDB-50A2-48F4-A8D9-5C6876B15AD3}.Debug|Any CPU.Build.0 = Debug|Any CPU
		{BE3EAFDB-50A2-48F4-A8D9-5C6876B15AD3}.Release|Any CPU.ActiveCfg = Release|Any CPU
		{BE3EAFDB-50A2-48F4-A8D9-5C6876B15AD3}.Release|Any CPU.Build.0 = Release|Any CPU
		{F4572788-C703-4254-8FED-B25304C952CA}.Debug|Any CPU.ActiveCfg = Debug|Any CPU
		{F4572788-C703-4254-8FED-B25304C952CA}.Debug|Any CPU.Build.0 = Debug|Any CPU
		{F4572788-C703-4254-8FED-B25304C952CA}.Release|Any CPU.ActiveCfg = Release|Any CPU
		{F4572788-C703-4254-8FED-B25304C952CA}.Release|Any CPU.Build.0 = Release|Any CPU
		{332F5871-193B-4CB6-A0D8-381D8FCD9D0C}.Debug|Any CPU.ActiveCfg = Debug|Any CPU
		{332F5871-193B-4CB6-A0D8-381D8FCD9D0C}.Debug|Any CPU.Build.0 = Debug|Any CPU
		{332F5871-193B-4CB6-A0D8-381D8FCD9D0C}.Release|Any CPU.ActiveCfg = Release|Any CPU
		{332F5871-193B-4CB6-A0D8-381D8FCD9D0C}.Release|Any CPU.Build.0 = Release|Any CPU
		{22D67809-30DB-4DAB-B7E3-47B1B33FD584}.Debug|Any CPU.ActiveCfg = Debug|Any CPU
		{22D67809-30DB-4DAB-B7E3-47B1B33FD584}.Debug|Any CPU.Build.0 = Debug|Any CPU
		{22D67809-30DB-4DAB-B7E3-47B1B33FD584}.Release|Any CPU.ActiveCfg = Release|Any CPU
		{22D67809-30DB-4DAB-B7E3-47B1B33FD584}.Release|Any CPU.Build.0 = Release|Any CPU
	EndGlobalSection
	GlobalSection(NestedProjects) = preSolution
		{69206147-04FB-4BAD-B249-BDE99A693919} = {50828E3F-111D-4E72-9568-6F072F186C56}
		{3D70182C-B9B4-42B1-A192-4A30AF874E4A} = {50828E3F-111D-4E72-9568-6F072F186C56}
		{313BBE5D-316A-496A-8554-3BA8EA300F10} = {50828E3F-111D-4E72-9568-6F072F186C56}
		{BE3EAFDB-50A2-48F4-A8D9-5C6876B15AD3} = {69206147-04FB-4BAD-B249-BDE99A693919}
		{F77809F8-4DD4-44F0-B824-654EF2FD640A} = {50828E3F-111D-4E72-9568-6F072F186C56}
		{F4572788-C703-4254-8FED-B25304C952CA} = {F77809F8-4DD4-44F0-B824-654EF2FD640A}
		{332F5871-193B-4CB6-A0D8-381D8FCD9D0C} = {3D70182C-B9B4-42B1-A192-4A30AF874E4A}
		{22D67809-30DB-4DAB-B7E3-47B1B33FD584} = {313BBE5D-316A-496A-8554-3BA8EA300F10}
	EndGlobalSection
EndGlobal
